
Microsoft Visual Studio Solution File, Format Version 12.00
# Visual Studio Version 17
VisualStudioVersion = 17.8.34316.72
MinimumVisualStudioVersion = 10.0.40219.1
Project("{9A19103F-16F7-4668-BE54-9A1E7A4F7556}") = "UI", "UI\UI.csproj", "{D87D6CDA-4223-43E3-BA3E-E2916FD8836C}"
EndProject
Project("{9A19103F-16F7-4668-BE54-9A1E7A4F7556}") = "Models", "Models\Models.csproj", "{39924039-C41F-4238-A958-C5452E63D625}"
EndProject
Project("{9A19103F-16F7-4668-BE54-9A1E7A4F7556}") = "API", "API\API.csproj", "{6118EFAB-DF06-4FE4-8AC6-F04531CB87BD}"
EndProject
Global
	GlobalSection(SolutionConfigurationPlatforms) = preSolution
		Debug|Any CPU = Debug|Any CPU
		Release|Any CPU = Release|Any CPU
	EndGlobalSection
	GlobalSection(ProjectConfigurationPlatforms) = postSolution
		{D87D6CDA-4223-43E3-BA3E-E2916FD8836C}.Debug|Any CPU.ActiveCfg = Debug|Any CPU
		{D87D6CDA-4223-43E3-BA3E-E2916FD8836C}.Debug|Any CPU.Build.0 = Debug|Any CPU
		{D87D6CDA-4223-43E3-BA3E-E2916FD8836C}.Release|Any CPU.ActiveCfg = Release|Any CPU
		{D87D6CDA-4223-43E3-BA3E-E2916FD8836C}.Release|Any CPU.Build.0 = Release|Any CPU
		{39924039-C41F-4238-A958-C5452E63D625}.Debug|Any CPU.ActiveCfg = Debug|Any CPU
		{39924039-C41F-4238-A958-C5452E63D625}.Debug|Any CPU.Build.0 = Debug|Any CPU
		{39924039-C41F-4238-A958-C5452E63D625}.Release|Any CPU.ActiveCfg = Release|Any CPU
		{39924039-C41F-4238-A958-C5452E63D625}.Release|Any CPU.Build.0 = Release|Any CPU
		{6118EFAB-DF06-4FE4-8AC6-F04531CB87BD}.Debug|Any CPU.ActiveCfg = Debug|Any CPU
		{6118EFAB-DF06-4FE4-8AC6-F04531CB87BD}.Debug|Any CPU.Build.0 = Debug|Any CPU
		{6118EFAB-DF06-4FE4-8AC6-F04531CB87BD}.Release|Any CPU.ActiveCfg = Release|Any CPU
		{6118EFAB-DF06-4FE4-8AC6-F04531CB87BD}.Release|Any CPU.Build.0 = Release|Any CPU
	EndGlobalSection
	GlobalSection(SolutionProperties) = preSolution
		HideSolutionNode = FALSE
	EndGlobalSection
	GlobalSection(ExtensibilityGlobals) = postSolution
		SolutionGuid = {F88DDFD2-8E1E-4FC7-9579-F16A8EA74246}
	EndGlobalSection
EndGlobal
